// !$*UTF8*$!
{
	archiveVersion = 1;
	classes = {
	};
	objectVersion = 46;
	objects = {

/* Begin PBXBuildFile section */
		329207BD1C0E073800A38C62 /* RockauthiOSTests.swift in Sources */ = {isa = PBXBuildFile; fileRef = 329207BC1C0E073800A38C62 /* RockauthiOSTests.swift */; };
		329207BF1C0E073800A38C62 /* RockauthiOS.framework in Frameworks */ = {isa = PBXBuildFile; fileRef = BC0134211BD597000063541C /* RockauthiOS.framework */; };
		329207C61C0E08A900A38C62 /* facebookLoginJson.json in Resources */ = {isa = PBXBuildFile; fileRef = 329207C51C0E08A900A38C62 /* facebookLoginJson.json */; };
		329207C71C0E092E00A38C62 /* RockauthClient.swift in Sources */ = {isa = PBXBuildFile; fileRef = A37290811BFA9E9300D223BE /* RockauthClient.swift */; };
		329207C81C0E0B2000A38C62 /* EmailProvider.swift in Sources */ = {isa = PBXBuildFile; fileRef = A37290831BFA9E9D00D223BE /* EmailProvider.swift */; };
		329207C91C0E0B2000A38C62 /* FacebookProvider.swift in Sources */ = {isa = PBXBuildFile; fileRef = A37290841BFA9E9D00D223BE /* FacebookProvider.swift */; };
		329207CA1C0E0B2000A38C62 /* GoogleProvider.swift in Sources */ = {isa = PBXBuildFile; fileRef = A37290851BFA9E9D00D223BE /* GoogleProvider.swift */; };
		329207CB1C0E0B2000A38C62 /* InstagramProvider.swift in Sources */ = {isa = PBXBuildFile; fileRef = A37290861BFA9E9D00D223BE /* InstagramProvider.swift */; };
		329207CC1C0E0B2000A38C62 /* LoginProviderProtocol.swift in Sources */ = {isa = PBXBuildFile; fileRef = A37290871BFA9E9D00D223BE /* LoginProviderProtocol.swift */; };
		329207CD1C0E0B2000A38C62 /* SocialProviderProtocol.swift in Sources */ = {isa = PBXBuildFile; fileRef = A37290881BFA9E9D00D223BE /* SocialProviderProtocol.swift */; };
		329207CE1C0E0B2000A38C62 /* TwitterProvider.swift in Sources */ = {isa = PBXBuildFile; fileRef = A37290891BFA9E9D00D223BE /* TwitterProvider.swift */; };
		329207CF1C0E0B2A00A38C62 /* RockauthError.swift in Sources */ = {isa = PBXBuildFile; fileRef = A372907D1BFA9E8D00D223BE /* RockauthError.swift */; };
		329207D01C0E0B2A00A38C62 /* UIColor+Rocketmade.swift in Sources */ = {isa = PBXBuildFile; fileRef = A372907E1BFA9E8D00D223BE /* UIColor+Rocketmade.swift */; };
		329207D21C0E0F3800A38C62 /* emailSignupJson.json in Resources */ = {isa = PBXBuildFile; fileRef = 329207D11C0E0F3800A38C62 /* emailSignupJson.json */; };
		329207D51C0F624700A38C62 /* ProviderAuthentication.swift in Sources */ = {isa = PBXBuildFile; fileRef = 329207D41C0F624700A38C62 /* ProviderAuthentication.swift */; };
		329207D71C0F627700A38C62 /* Authentication.swift in Sources */ = {isa = PBXBuildFile; fileRef = 329207D61C0F627700A38C62 /* Authentication.swift */; };
		329207D91C0F632500A38C62 /* RockAuthUser.swift in Sources */ = {isa = PBXBuildFile; fileRef = 329207D81C0F632500A38C62 /* RockAuthUser.swift */; };
		329207DB1C0F634500A38C62 /* RockAuthSession.swift in Sources */ = {isa = PBXBuildFile; fileRef = 329207DA1C0F634500A38C62 /* RockAuthSession.swift */; };
		329207DC1C0F6AD300A38C62 /* ProviderAuthentication.swift in Sources */ = {isa = PBXBuildFile; fileRef = 329207D41C0F624700A38C62 /* ProviderAuthentication.swift */; };
		329207DD1C0F6AD300A38C62 /* Authentication.swift in Sources */ = {isa = PBXBuildFile; fileRef = 329207D61C0F627700A38C62 /* Authentication.swift */; };
		329207DE1C0F6AD300A38C62 /* RockAuthUser.swift in Sources */ = {isa = PBXBuildFile; fileRef = 329207D81C0F632500A38C62 /* RockAuthUser.swift */; };
		329207DF1C0F6AD300A38C62 /* RockAuthSession.swift in Sources */ = {isa = PBXBuildFile; fileRef = 329207DA1C0F634500A38C62 /* RockAuthSession.swift */; };
		A19512C23ECE559806EA6191 /* Pods.framework in Frameworks */ = {isa = PBXBuildFile; fileRef = CA14552724AB06F43F6C91B9 /* Pods.framework */; };
		A30DB6D71BE4194400F4F2D5 /* icon-twitter.png in Resources */ = {isa = PBXBuildFile; fileRef = A30DB6D41BE4194400F4F2D5 /* icon-twitter.png */; };
		A30DB6D81BE4194400F4F2D5 /* icon-twitter@2x.png in Resources */ = {isa = PBXBuildFile; fileRef = A30DB6D51BE4194400F4F2D5 /* icon-twitter@2x.png */; };
		A30DB6D91BE4194400F4F2D5 /* icon-twitter@3x.png in Resources */ = {isa = PBXBuildFile; fileRef = A30DB6D61BE4194400F4F2D5 /* icon-twitter@3x.png */; };
		A372902A1BFA9C2B00D223BE /* eyeIcon.png in Resources */ = {isa = PBXBuildFile; fileRef = A372901B1BFA9C2B00D223BE /* eyeIcon.png */; };
		A372902B1BFA9C2B00D223BE /* eyeIcon@2x.png in Resources */ = {isa = PBXBuildFile; fileRef = A372901C1BFA9C2B00D223BE /* eyeIcon@2x.png */; };
		A372902C1BFA9C2B00D223BE /* eyeIcon@3x.png in Resources */ = {isa = PBXBuildFile; fileRef = A372901D1BFA9C2B00D223BE /* eyeIcon@3x.png */; };
		A372902D1BFA9C2B00D223BE /* googleicon.png in Resources */ = {isa = PBXBuildFile; fileRef = A372901E1BFA9C2B00D223BE /* googleicon.png */; };
		A372902E1BFA9C2B00D223BE /* googleicon@2x.png in Resources */ = {isa = PBXBuildFile; fileRef = A372901F1BFA9C2B00D223BE /* googleicon@2x.png */; };
		A372902F1BFA9C2B00D223BE /* googleicon@3x.png in Resources */ = {isa = PBXBuildFile; fileRef = A37290201BFA9C2B00D223BE /* googleicon@3x.png */; };
		A37290301BFA9C2B00D223BE /* icon-arrow.png in Resources */ = {isa = PBXBuildFile; fileRef = A37290211BFA9C2B00D223BE /* icon-arrow.png */; };
		A37290311BFA9C2B00D223BE /* icon-arrow@2x.png in Resources */ = {isa = PBXBuildFile; fileRef = A37290221BFA9C2B00D223BE /* icon-arrow@2x.png */; };
		A37290321BFA9C2B00D223BE /* icon-arrow@3x.png in Resources */ = {isa = PBXBuildFile; fileRef = A37290231BFA9C2B00D223BE /* icon-arrow@3x.png */; };
		A37290331BFA9C2B00D223BE /* icon-eye-gray.png in Resources */ = {isa = PBXBuildFile; fileRef = A37290241BFA9C2B00D223BE /* icon-eye-gray.png */; };
		A37290341BFA9C2B00D223BE /* icon-eye-gray@2x.png in Resources */ = {isa = PBXBuildFile; fileRef = A37290251BFA9C2B00D223BE /* icon-eye-gray@2x.png */; };
		A37290351BFA9C2B00D223BE /* icon-eye-gray@3x.png in Resources */ = {isa = PBXBuildFile; fileRef = A37290261BFA9C2B00D223BE /* icon-eye-gray@3x.png */; };
		A37290361BFA9C2B00D223BE /* icon-facebook.png in Resources */ = {isa = PBXBuildFile; fileRef = A37290271BFA9C2B00D223BE /* icon-facebook.png */; };
		A37290371BFA9C2B00D223BE /* icon-facebook@2x.png in Resources */ = {isa = PBXBuildFile; fileRef = A37290281BFA9C2B00D223BE /* icon-facebook@2x.png */; };
		A37290381BFA9C2B00D223BE /* icon-facebook@3x.png in Resources */ = {isa = PBXBuildFile; fileRef = A37290291BFA9C2B00D223BE /* icon-facebook@3x.png */; };
		A372903F1BFA9C3900D223BE /* instagramIcon.png in Resources */ = {isa = PBXBuildFile; fileRef = A37290391BFA9C3900D223BE /* instagramIcon.png */; };
		A37290401BFA9C3900D223BE /* instagramIcon@2x.png in Resources */ = {isa = PBXBuildFile; fileRef = A372903A1BFA9C3900D223BE /* instagramIcon@2x.png */; };
		A37290411BFA9C3900D223BE /* instagramIcon@3x.png in Resources */ = {isa = PBXBuildFile; fileRef = A372903B1BFA9C3900D223BE /* instagramIcon@3x.png */; };
		A37290421BFA9C3900D223BE /* logo.png in Resources */ = {isa = PBXBuildFile; fileRef = A372903C1BFA9C3900D223BE /* logo.png */; };
		A37290431BFA9C3900D223BE /* logo@2x.png in Resources */ = {isa = PBXBuildFile; fileRef = A372903D1BFA9C3900D223BE /* logo@2x.png */; };
		A37290441BFA9C3900D223BE /* logo@3x.png in Resources */ = {isa = PBXBuildFile; fileRef = A372903E1BFA9C3900D223BE /* logo@3x.png */; };
		A372907F1BFA9E8D00D223BE /* RockauthError.swift in Sources */ = {isa = PBXBuildFile; fileRef = A372907D1BFA9E8D00D223BE /* RockauthError.swift */; };
		A37290801BFA9E8D00D223BE /* UIColor+Rocketmade.swift in Sources */ = {isa = PBXBuildFile; fileRef = A372907E1BFA9E8D00D223BE /* UIColor+Rocketmade.swift */; };
		A37290821BFA9E9300D223BE /* RockauthClient.swift in Sources */ = {isa = PBXBuildFile; fileRef = A37290811BFA9E9300D223BE /* RockauthClient.swift */; };
		A372908A1BFA9E9D00D223BE /* EmailProvider.swift in Sources */ = {isa = PBXBuildFile; fileRef = A37290831BFA9E9D00D223BE /* EmailProvider.swift */; };
		A372908C1BFA9E9D00D223BE /* GoogleProvider.swift in Sources */ = {isa = PBXBuildFile; fileRef = A37290851BFA9E9D00D223BE /* GoogleProvider.swift */; };
		A372908D1BFA9E9D00D223BE /* InstagramProvider.swift in Sources */ = {isa = PBXBuildFile; fileRef = A37290861BFA9E9D00D223BE /* InstagramProvider.swift */; };
		A372908E1BFA9E9D00D223BE /* LoginProviderProtocol.swift in Sources */ = {isa = PBXBuildFile; fileRef = A37290871BFA9E9D00D223BE /* LoginProviderProtocol.swift */; };
		A372908F1BFA9E9D00D223BE /* SocialProviderProtocol.swift in Sources */ = {isa = PBXBuildFile; fileRef = A37290881BFA9E9D00D223BE /* SocialProviderProtocol.swift */; };
		A37290901BFA9E9D00D223BE /* TwitterProvider.swift in Sources */ = {isa = PBXBuildFile; fileRef = A37290891BFA9E9D00D223BE /* TwitterProvider.swift */; };
		A37290991BFA9EA600D223BE /* ConnectWithSocialNetworksView.swift in Sources */ = {isa = PBXBuildFile; fileRef = A37290911BFA9EA600D223BE /* ConnectWithSocialNetworksView.swift */; };
		A372909A1BFA9EA600D223BE /* FlatRoundedButton.swift in Sources */ = {isa = PBXBuildFile; fileRef = A37290921BFA9EA600D223BE /* FlatRoundedButton.swift */; };
		A372909B1BFA9EA600D223BE /* FullConnectWithSocialNetworksViewController.swift in Sources */ = {isa = PBXBuildFile; fileRef = A37290931BFA9EA600D223BE /* FullConnectWithSocialNetworksViewController.swift */; };
		A372909C1BFA9EA600D223BE /* RockauthNavigationController.swift in Sources */ = {isa = PBXBuildFile; fileRef = A37290941BFA9EA600D223BE /* RockauthNavigationController.swift */; };
		A372909D1BFA9EA600D223BE /* SignInViewController.swift in Sources */ = {isa = PBXBuildFile; fileRef = A37290951BFA9EA600D223BE /* SignInViewController.swift */; };
		A372909E1BFA9EA600D223BE /* SignUpViewController.swift in Sources */ = {isa = PBXBuildFile; fileRef = A37290961BFA9EA600D223BE /* SignUpViewController.swift */; };
		A372909F1BFA9EA600D223BE /* SplashViewController.swift in Sources */ = {isa = PBXBuildFile; fileRef = A37290971BFA9EA600D223BE /* SplashViewController.swift */; };
		BC0134271BD597000063541C /* RockauthiOS.h in Headers */ = {isa = PBXBuildFile; fileRef = BC0134261BD597000063541C /* RockauthiOS.h */; settings = {ATTRIBUTES = (Public, ); }; };
/* End PBXBuildFile section */

/* Begin PBXContainerItemProxy section */
		329207C01C0E073800A38C62 /* PBXContainerItemProxy */ = {
			isa = PBXContainerItemProxy;
			containerPortal = BC0134181BD597000063541C /* Project object */;
			proxyType = 1;
			remoteGlobalIDString = BC0134201BD597000063541C;
			remoteInfo = RockauthiOS;
		};
/* End PBXContainerItemProxy section */

/* Begin PBXFileReference section */
		329207BA1C0E073800A38C62 /* RockauthiOSTests.xctest */ = {isa = PBXFileReference; explicitFileType = wrapper.cfbundle; includeInIndex = 0; path = RockauthiOSTests.xctest; sourceTree = BUILT_PRODUCTS_DIR; };
		329207BC1C0E073800A38C62 /* RockauthiOSTests.swift */ = {isa = PBXFileReference; lastKnownFileType = sourcecode.swift; path = RockauthiOSTests.swift; sourceTree = "<group>"; };
		329207BE1C0E073800A38C62 /* Info.plist */ = {isa = PBXFileReference; lastKnownFileType = text.plist.xml; path = Info.plist; sourceTree = "<group>"; };
		329207C51C0E08A900A38C62 /* facebookLoginJson.json */ = {isa = PBXFileReference; fileEncoding = 4; lastKnownFileType = text.json; path = facebookLoginJson.json; sourceTree = "<group>"; };
		329207D11C0E0F3800A38C62 /* emailSignupJson.json */ = {isa = PBXFileReference; fileEncoding = 4; lastKnownFileType = text.json; path = emailSignupJson.json; sourceTree = "<group>"; };
		329207D41C0F624700A38C62 /* ProviderAuthentication.swift */ = {isa = PBXFileReference; fileEncoding = 4; lastKnownFileType = sourcecode.swift; path = ProviderAuthentication.swift; sourceTree = "<group>"; };
		329207D61C0F627700A38C62 /* Authentication.swift */ = {isa = PBXFileReference; fileEncoding = 4; lastKnownFileType = sourcecode.swift; path = Authentication.swift; sourceTree = "<group>"; };
		329207D81C0F632500A38C62 /* RockAuthUser.swift */ = {isa = PBXFileReference; fileEncoding = 4; lastKnownFileType = sourcecode.swift; path = RockAuthUser.swift; sourceTree = "<group>"; };
		329207DA1C0F634500A38C62 /* RockAuthSession.swift */ = {isa = PBXFileReference; fileEncoding = 4; lastKnownFileType = sourcecode.swift; path = RockAuthSession.swift; sourceTree = "<group>"; };
		72B0861DA086C4EECFD6B661 /* Pods.debug.xcconfig */ = {isa = PBXFileReference; includeInIndex = 1; lastKnownFileType = text.xcconfig; name = Pods.debug.xcconfig; path = "Pods/Target Support Files/Pods/Pods.debug.xcconfig"; sourceTree = "<group>"; };
		78A160FF3790F68E8348C9F0 /* Pods-RockauthiOSTests.release.xcconfig */ = {isa = PBXFileReference; includeInIndex = 1; lastKnownFileType = text.xcconfig; name = "Pods-RockauthiOSTests.release.xcconfig"; path = "Pods/Target Support Files/Pods-RockauthiOSTests/Pods-RockauthiOSTests.release.xcconfig"; sourceTree = "<group>"; };
		8789A069A7F0BABDB409D595 /* Pods.release.xcconfig */ = {isa = PBXFileReference; includeInIndex = 1; lastKnownFileType = text.xcconfig; name = Pods.release.xcconfig; path = "Pods/Target Support Files/Pods/Pods.release.xcconfig"; sourceTree = "<group>"; };
		A30DB6D41BE4194400F4F2D5 /* icon-twitter.png */ = {isa = PBXFileReference; lastKnownFileType = image.png; path = "icon-twitter.png"; sourceTree = "<group>"; };
		A30DB6D51BE4194400F4F2D5 /* icon-twitter@2x.png */ = {isa = PBXFileReference; lastKnownFileType = image.png; path = "icon-twitter@2x.png"; sourceTree = "<group>"; };
		A30DB6D61BE4194400F4F2D5 /* icon-twitter@3x.png */ = {isa = PBXFileReference; lastKnownFileType = image.png; path = "icon-twitter@3x.png"; sourceTree = "<group>"; };
		A372901B1BFA9C2B00D223BE /* eyeIcon.png */ = {isa = PBXFileReference; lastKnownFileType = image.png; path = eyeIcon.png; sourceTree = "<group>"; };
		A372901C1BFA9C2B00D223BE /* eyeIcon@2x.png */ = {isa = PBXFileReference; lastKnownFileType = image.png; path = "eyeIcon@2x.png"; sourceTree = "<group>"; };
		A372901D1BFA9C2B00D223BE /* eyeIcon@3x.png */ = {isa = PBXFileReference; lastKnownFileType = image.png; path = "eyeIcon@3x.png"; sourceTree = "<group>"; };
		A372901E1BFA9C2B00D223BE /* googleicon.png */ = {isa = PBXFileReference; lastKnownFileType = image.png; path = googleicon.png; sourceTree = "<group>"; };
		A372901F1BFA9C2B00D223BE /* googleicon@2x.png */ = {isa = PBXFileReference; lastKnownFileType = image.png; path = "googleicon@2x.png"; sourceTree = "<group>"; };
		A37290201BFA9C2B00D223BE /* googleicon@3x.png */ = {isa = PBXFileReference; lastKnownFileType = image.png; path = "googleicon@3x.png"; sourceTree = "<group>"; };
		A37290211BFA9C2B00D223BE /* icon-arrow.png */ = {isa = PBXFileReference; lastKnownFileType = image.png; path = "icon-arrow.png"; sourceTree = "<group>"; };
		A37290221BFA9C2B00D223BE /* icon-arrow@2x.png */ = {isa = PBXFileReference; lastKnownFileType = image.png; path = "icon-arrow@2x.png"; sourceTree = "<group>"; };
		A37290231BFA9C2B00D223BE /* icon-arrow@3x.png */ = {isa = PBXFileReference; lastKnownFileType = image.png; path = "icon-arrow@3x.png"; sourceTree = "<group>"; };
		A37290241BFA9C2B00D223BE /* icon-eye-gray.png */ = {isa = PBXFileReference; lastKnownFileType = image.png; path = "icon-eye-gray.png"; sourceTree = "<group>"; };
		A37290251BFA9C2B00D223BE /* icon-eye-gray@2x.png */ = {isa = PBXFileReference; lastKnownFileType = image.png; path = "icon-eye-gray@2x.png"; sourceTree = "<group>"; };
		A37290261BFA9C2B00D223BE /* icon-eye-gray@3x.png */ = {isa = PBXFileReference; lastKnownFileType = image.png; path = "icon-eye-gray@3x.png"; sourceTree = "<group>"; };
		A37290271BFA9C2B00D223BE /* icon-facebook.png */ = {isa = PBXFileReference; lastKnownFileType = image.png; path = "icon-facebook.png"; sourceTree = "<group>"; };
		A37290281BFA9C2B00D223BE /* icon-facebook@2x.png */ = {isa = PBXFileReference; lastKnownFileType = image.png; path = "icon-facebook@2x.png"; sourceTree = "<group>"; };
		A37290291BFA9C2B00D223BE /* icon-facebook@3x.png */ = {isa = PBXFileReference; lastKnownFileType = image.png; path = "icon-facebook@3x.png"; sourceTree = "<group>"; };
		A37290391BFA9C3900D223BE /* instagramIcon.png */ = {isa = PBXFileReference; lastKnownFileType = image.png; path = instagramIcon.png; sourceTree = "<group>"; };
		A372903A1BFA9C3900D223BE /* instagramIcon@2x.png */ = {isa = PBXFileReference; lastKnownFileType = image.png; path = "instagramIcon@2x.png"; sourceTree = "<group>"; };
		A372903B1BFA9C3900D223BE /* instagramIcon@3x.png */ = {isa = PBXFileReference; lastKnownFileType = image.png; path = "instagramIcon@3x.png"; sourceTree = "<group>"; };
		A372903C1BFA9C3900D223BE /* logo.png */ = {isa = PBXFileReference; lastKnownFileType = image.png; path = logo.png; sourceTree = "<group>"; };
		A372903D1BFA9C3900D223BE /* logo@2x.png */ = {isa = PBXFileReference; lastKnownFileType = image.png; path = "logo@2x.png"; sourceTree = "<group>"; };
		A372903E1BFA9C3900D223BE /* logo@3x.png */ = {isa = PBXFileReference; lastKnownFileType = image.png; path = "logo@3x.png"; sourceTree = "<group>"; };
		A372907D1BFA9E8D00D223BE /* RockauthError.swift */ = {isa = PBXFileReference; fileEncoding = 4; lastKnownFileType = sourcecode.swift; path = RockauthError.swift; sourceTree = "<group>"; };
		A372907E1BFA9E8D00D223BE /* UIColor+Rocketmade.swift */ = {isa = PBXFileReference; fileEncoding = 4; lastKnownFileType = sourcecode.swift; path = "UIColor+Rocketmade.swift"; sourceTree = "<group>"; };
		A37290811BFA9E9300D223BE /* RockauthClient.swift */ = {isa = PBXFileReference; fileEncoding = 4; lastKnownFileType = sourcecode.swift; path = RockauthClient.swift; sourceTree = "<group>"; };
		A37290831BFA9E9D00D223BE /* EmailProvider.swift */ = {isa = PBXFileReference; fileEncoding = 4; lastKnownFileType = sourcecode.swift; path = EmailProvider.swift; sourceTree = "<group>"; };
		A37290841BFA9E9D00D223BE /* FacebookProvider.swift */ = {isa = PBXFileReference; fileEncoding = 4; lastKnownFileType = sourcecode.swift; path = FacebookProvider.swift; sourceTree = "<group>"; };
		A37290851BFA9E9D00D223BE /* GoogleProvider.swift */ = {isa = PBXFileReference; fileEncoding = 4; lastKnownFileType = sourcecode.swift; path = GoogleProvider.swift; sourceTree = "<group>"; };
		A37290861BFA9E9D00D223BE /* InstagramProvider.swift */ = {isa = PBXFileReference; fileEncoding = 4; lastKnownFileType = sourcecode.swift; path = InstagramProvider.swift; sourceTree = "<group>"; };
		A37290871BFA9E9D00D223BE /* LoginProviderProtocol.swift */ = {isa = PBXFileReference; fileEncoding = 4; lastKnownFileType = sourcecode.swift; path = LoginProviderProtocol.swift; sourceTree = "<group>"; };
		A37290881BFA9E9D00D223BE /* SocialProviderProtocol.swift */ = {isa = PBXFileReference; fileEncoding = 4; lastKnownFileType = sourcecode.swift; path = SocialProviderProtocol.swift; sourceTree = "<group>"; };
		A37290891BFA9E9D00D223BE /* TwitterProvider.swift */ = {isa = PBXFileReference; fileEncoding = 4; lastKnownFileType = sourcecode.swift; path = TwitterProvider.swift; sourceTree = "<group>"; };
		A37290911BFA9EA600D223BE /* ConnectWithSocialNetworksView.swift */ = {isa = PBXFileReference; fileEncoding = 4; lastKnownFileType = sourcecode.swift; path = ConnectWithSocialNetworksView.swift; sourceTree = "<group>"; };
		A37290921BFA9EA600D223BE /* FlatRoundedButton.swift */ = {isa = PBXFileReference; fileEncoding = 4; lastKnownFileType = sourcecode.swift; path = FlatRoundedButton.swift; sourceTree = "<group>"; };
		A37290931BFA9EA600D223BE /* FullConnectWithSocialNetworksViewController.swift */ = {isa = PBXFileReference; fileEncoding = 4; lastKnownFileType = sourcecode.swift; path = FullConnectWithSocialNetworksViewController.swift; sourceTree = "<group>"; };
		A37290941BFA9EA600D223BE /* RockauthNavigationController.swift */ = {isa = PBXFileReference; fileEncoding = 4; lastKnownFileType = sourcecode.swift; path = RockauthNavigationController.swift; sourceTree = "<group>"; };
		A37290951BFA9EA600D223BE /* SignInViewController.swift */ = {isa = PBXFileReference; fileEncoding = 4; lastKnownFileType = sourcecode.swift; path = SignInViewController.swift; sourceTree = "<group>"; };
		A37290961BFA9EA600D223BE /* SignUpViewController.swift */ = {isa = PBXFileReference; fileEncoding = 4; lastKnownFileType = sourcecode.swift; path = SignUpViewController.swift; sourceTree = "<group>"; };
		A37290971BFA9EA600D223BE /* SplashViewController.swift */ = {isa = PBXFileReference; fileEncoding = 4; lastKnownFileType = sourcecode.swift; path = SplashViewController.swift; sourceTree = "<group>"; };
		BAA5C472B7A9CF98BB647844 /* Pods-RockauthiOSTests.debug.xcconfig */ = {isa = PBXFileReference; includeInIndex = 1; lastKnownFileType = text.xcconfig; name = "Pods-RockauthiOSTests.debug.xcconfig"; path = "Pods/Target Support Files/Pods-RockauthiOSTests/Pods-RockauthiOSTests.debug.xcconfig"; sourceTree = "<group>"; };
		BC0134211BD597000063541C /* RockauthiOS.framework */ = {isa = PBXFileReference; explicitFileType = wrapper.framework; includeInIndex = 0; path = RockauthiOS.framework; sourceTree = BUILT_PRODUCTS_DIR; };
		BC0134251BD597000063541C /* Info.plist */ = {isa = PBXFileReference; lastKnownFileType = text.plist.xml; path = Info.plist; sourceTree = "<group>"; };
		BC0134261BD597000063541C /* RockauthiOS.h */ = {isa = PBXFileReference; lastKnownFileType = sourcecode.c.h; path = RockauthiOS.h; sourceTree = "<group>"; };
		CA14552724AB06F43F6C91B9 /* Pods.framework */ = {isa = PBXFileReference; explicitFileType = wrapper.framework; includeInIndex = 0; path = Pods.framework; sourceTree = BUILT_PRODUCTS_DIR; };
		DE60BE3CF18ACE77A7C8288E /* libPods-RockauthiOSTests.a */ = {isa = PBXFileReference; explicitFileType = archive.ar; includeInIndex = 0; path = "libPods-RockauthiOSTests.a"; sourceTree = BUILT_PRODUCTS_DIR; };
/* End PBXFileReference section */

/* Begin PBXFrameworksBuildPhase section */
		329207B71C0E073800A38C62 /* Frameworks */ = {
			isa = PBXFrameworksBuildPhase;
			buildActionMask = 2147483647;
			files = (
				329207BF1C0E073800A38C62 /* RockauthiOS.framework in Frameworks */,
			);
			runOnlyForDeploymentPostprocessing = 0;
		};
		BC01341D1BD597000063541C /* Frameworks */ = {
			isa = PBXFrameworksBuildPhase;
			buildActionMask = 2147483647;
			files = (
				A19512C23ECE559806EA6191 /* Pods.framework in Frameworks */,
			);
			runOnlyForDeploymentPostprocessing = 0;
		};
/* End PBXFrameworksBuildPhase section */

/* Begin PBXGroup section */
		329207BB1C0E073800A38C62 /* RockauthiOSTests */ = {
			isa = PBXGroup;
			children = (
				329207BC1C0E073800A38C62 /* RockauthiOSTests.swift */,
				329207BE1C0E073800A38C62 /* Info.plist */,
				329207C51C0E08A900A38C62 /* facebookLoginJson.json */,
				329207D11C0E0F3800A38C62 /* emailSignupJson.json */,
			);
			path = RockauthiOSTests;
			sourceTree = "<group>";
		};
		329207D31C0F621B00A38C62 /* Models */ = {
			isa = PBXGroup;
			children = (
				329207D41C0F624700A38C62 /* ProviderAuthentication.swift */,
				329207D61C0F627700A38C62 /* Authentication.swift */,
				329207D81C0F632500A38C62 /* RockAuthUser.swift */,
				329207DA1C0F634500A38C62 /* RockAuthSession.swift */,
			);
			path = Models;
			sourceTree = "<group>";
		};
		A30DB6CC1BE3DEA300F4F2D5 /* UI */ = {
			isa = PBXGroup;
			children = (
				A37290911BFA9EA600D223BE /* ConnectWithSocialNetworksView.swift */,
				A37290921BFA9EA600D223BE /* FlatRoundedButton.swift */,
				A37290931BFA9EA600D223BE /* FullConnectWithSocialNetworksViewController.swift */,
				A37290941BFA9EA600D223BE /* RockauthNavigationController.swift */,
				A37290951BFA9EA600D223BE /* SignInViewController.swift */,
				A37290961BFA9EA600D223BE /* SignUpViewController.swift */,
				A37290971BFA9EA600D223BE /* SplashViewController.swift */,
			);
			path = UI;
			sourceTree = "<group>";
		};
		A30DB6D11BE3FF5A00F4F2D5 /* Resources */ = {
			isa = PBXGroup;
			children = (
				A37290391BFA9C3900D223BE /* instagramIcon.png */,
				A372903A1BFA9C3900D223BE /* instagramIcon@2x.png */,
				A372903B1BFA9C3900D223BE /* instagramIcon@3x.png */,
				A372903C1BFA9C3900D223BE /* logo.png */,
				A372903D1BFA9C3900D223BE /* logo@2x.png */,
				A372903E1BFA9C3900D223BE /* logo@3x.png */,
				A372901B1BFA9C2B00D223BE /* eyeIcon.png */,
				A372901C1BFA9C2B00D223BE /* eyeIcon@2x.png */,
				A372901D1BFA9C2B00D223BE /* eyeIcon@3x.png */,
				A372901E1BFA9C2B00D223BE /* googleicon.png */,
				A372901F1BFA9C2B00D223BE /* googleicon@2x.png */,
				A37290201BFA9C2B00D223BE /* googleicon@3x.png */,
				A37290211BFA9C2B00D223BE /* icon-arrow.png */,
				A37290221BFA9C2B00D223BE /* icon-arrow@2x.png */,
				A37290231BFA9C2B00D223BE /* icon-arrow@3x.png */,
				A37290241BFA9C2B00D223BE /* icon-eye-gray.png */,
				A37290251BFA9C2B00D223BE /* icon-eye-gray@2x.png */,
				A37290261BFA9C2B00D223BE /* icon-eye-gray@3x.png */,
				A37290271BFA9C2B00D223BE /* icon-facebook.png */,
				A37290281BFA9C2B00D223BE /* icon-facebook@2x.png */,
				A37290291BFA9C2B00D223BE /* icon-facebook@3x.png */,
				A30DB6D41BE4194400F4F2D5 /* icon-twitter.png */,
				A30DB6D51BE4194400F4F2D5 /* icon-twitter@2x.png */,
				A30DB6D61BE4194400F4F2D5 /* icon-twitter@3x.png */,
			);
			path = Resources;
			sourceTree = "<group>";
		};
		A37290451BFA9C4300D223BE /* Providers */ = {
			isa = PBXGroup;
			children = (
				A37290831BFA9E9D00D223BE /* EmailProvider.swift */,
				A37290841BFA9E9D00D223BE /* FacebookProvider.swift */,
				A37290851BFA9E9D00D223BE /* GoogleProvider.swift */,
				A37290861BFA9E9D00D223BE /* InstagramProvider.swift */,
				A37290871BFA9E9D00D223BE /* LoginProviderProtocol.swift */,
				A37290881BFA9E9D00D223BE /* SocialProviderProtocol.swift */,
				A37290891BFA9E9D00D223BE /* TwitterProvider.swift */,
			);
			path = Providers;
			sourceTree = "<group>";
		};
		A37290501BFA9C7B00D223BE /* Utils */ = {
			isa = PBXGroup;
			children = (
				A372907D1BFA9E8D00D223BE /* RockauthError.swift */,
				A372907E1BFA9E8D00D223BE /* UIColor+Rocketmade.swift */,
			);
			path = Utils;
			sourceTree = "<group>";
		};
		BC0134171BD597000063541C = {
			isa = PBXGroup;
			children = (
				BC0134231BD597000063541C /* RockauthiOS */,
				329207BB1C0E073800A38C62 /* RockauthiOSTests */,
				BC0134221BD597000063541C /* Products */,
				D1F8E779062F8F62D59907E7 /* Pods */,
				EA094AF350055152E884E30E /* Frameworks */,
			);
			sourceTree = "<group>";
		};
		BC0134221BD597000063541C /* Products */ = {
			isa = PBXGroup;
			children = (
				BC0134211BD597000063541C /* RockauthiOS.framework */,
				329207BA1C0E073800A38C62 /* RockauthiOSTests.xctest */,
			);
			name = Products;
			sourceTree = "<group>";
		};
		BC0134231BD597000063541C /* RockauthiOS */ = {
			isa = PBXGroup;
			children = (
				329207D31C0F621B00A38C62 /* Models */,
				BC0134261BD597000063541C /* RockauthiOS.h */,
				A37290811BFA9E9300D223BE /* RockauthClient.swift */,
				A37290501BFA9C7B00D223BE /* Utils */,
				A37290451BFA9C4300D223BE /* Providers */,
				A30DB6CC1BE3DEA300F4F2D5 /* UI */,
				A30DB6D11BE3FF5A00F4F2D5 /* Resources */,
				BC0134241BD597000063541C /* Supporting Files */,
			);
			path = RockauthiOS;
			sourceTree = "<group>";
		};
		BC0134241BD597000063541C /* Supporting Files */ = {
			isa = PBXGroup;
			children = (
				BC0134251BD597000063541C /* Info.plist */,
			);
			name = "Supporting Files";
			sourceTree = "<group>";
		};
		D1F8E779062F8F62D59907E7 /* Pods */ = {
			isa = PBXGroup;
			children = (
				72B0861DA086C4EECFD6B661 /* Pods.debug.xcconfig */,
				8789A069A7F0BABDB409D595 /* Pods.release.xcconfig */,
				BAA5C472B7A9CF98BB647844 /* Pods-RockauthiOSTests.debug.xcconfig */,
				78A160FF3790F68E8348C9F0 /* Pods-RockauthiOSTests.release.xcconfig */,
			);
			name = Pods;
			sourceTree = "<group>";
		};
		EA094AF350055152E884E30E /* Frameworks */ = {
			isa = PBXGroup;
			children = (
				CA14552724AB06F43F6C91B9 /* Pods.framework */,
				DE60BE3CF18ACE77A7C8288E /* libPods-RockauthiOSTests.a */,
			);
			name = Frameworks;
			sourceTree = "<group>";
		};
/* End PBXGroup section */

/* Begin PBXHeadersBuildPhase section */
		BC01341E1BD597000063541C /* Headers */ = {
			isa = PBXHeadersBuildPhase;
			buildActionMask = 2147483647;
			files = (
				BC0134271BD597000063541C /* RockauthiOS.h in Headers */,
			);
			runOnlyForDeploymentPostprocessing = 0;
		};
/* End PBXHeadersBuildPhase section */

/* Begin PBXNativeTarget section */
		329207B91C0E073800A38C62 /* RockauthiOSTests */ = {
			isa = PBXNativeTarget;
			buildConfigurationList = 329207C21C0E073800A38C62 /* Build configuration list for PBXNativeTarget "RockauthiOSTests" */;
			buildPhases = (
				329207B61C0E073800A38C62 /* Sources */,
				329207B71C0E073800A38C62 /* Frameworks */,
				329207B81C0E073800A38C62 /* Resources */,
			);
			buildRules = (
			);
			dependencies = (
				329207C11C0E073800A38C62 /* PBXTargetDependency */,
			);
			name = RockauthiOSTests;
			productName = RockauthiOSTests;
			productReference = 329207BA1C0E073800A38C62 /* RockauthiOSTests.xctest */;
			productType = "com.apple.product-type.bundle.unit-test";
		};
		BC0134201BD597000063541C /* RockauthiOS */ = {
			isa = PBXNativeTarget;
			buildConfigurationList = BC0134371BD597000063541C /* Build configuration list for PBXNativeTarget "RockauthiOS" */;
			buildPhases = (
				BC01341C1BD597000063541C /* Sources */,
				BC01341D1BD597000063541C /* Frameworks */,
				BC01341E1BD597000063541C /* Headers */,
				BC01341F1BD597000063541C /* Resources */,
			);
			buildRules = (
			);
			dependencies = (
			);
			name = RockauthiOS;
			productName = RockauthiOS;
			productReference = BC0134211BD597000063541C /* RockauthiOS.framework */;
			productType = "com.apple.product-type.framework";
		};
/* End PBXNativeTarget section */

/* Begin PBXProject section */
		BC0134181BD597000063541C /* Project object */ = {
			isa = PBXProject;
			attributes = {
				LastSwiftUpdateCheck = 0710;
				LastUpgradeCheck = 0640;
				ORGANIZATIONNAME = "Daniel Gubler";
				TargetAttributes = {
					329207B91C0E073800A38C62 = {
						CreatedOnToolsVersion = 7.1;
					};
					BC0134201BD597000063541C = {
						CreatedOnToolsVersion = 6.4;
					};
				};
			};
			buildConfigurationList = BC01341B1BD597000063541C /* Build configuration list for PBXProject "RockauthiOS" */;
			compatibilityVersion = "Xcode 3.2";
			developmentRegion = English;
			hasScannedForEncodings = 0;
			knownRegions = (
				en,
			);
			mainGroup = BC0134171BD597000063541C;
			productRefGroup = BC0134221BD597000063541C /* Products */;
			projectDirPath = "";
			projectRoot = "";
			targets = (
				BC0134201BD597000063541C /* RockauthiOS */,
				329207B91C0E073800A38C62 /* RockauthiOSTests */,
			);
		};
/* End PBXProject section */

/* Begin PBXResourcesBuildPhase section */
		329207B81C0E073800A38C62 /* Resources */ = {
			isa = PBXResourcesBuildPhase;
			buildActionMask = 2147483647;
			files = (
				329207D21C0E0F3800A38C62 /* emailSignupJson.json in Resources */,
				329207C61C0E08A900A38C62 /* facebookLoginJson.json in Resources */,
			);
			runOnlyForDeploymentPostprocessing = 0;
		};
		BC01341F1BD597000063541C /* Resources */ = {
			isa = PBXResourcesBuildPhase;
			buildActionMask = 2147483647;
			files = (
				A37290431BFA9C3900D223BE /* logo@2x.png in Resources */,
				A37290321BFA9C2B00D223BE /* icon-arrow@3x.png in Resources */,
				A37290301BFA9C2B00D223BE /* icon-arrow.png in Resources */,
				A37290421BFA9C3900D223BE /* logo.png in Resources */,
				A37290311BFA9C2B00D223BE /* icon-arrow@2x.png in Resources */,
				A30DB6D71BE4194400F4F2D5 /* icon-twitter.png in Resources */,
				A37290401BFA9C3900D223BE /* instagramIcon@2x.png in Resources */,
				A372902A1BFA9C2B00D223BE /* eyeIcon.png in Resources */,
				A37290371BFA9C2B00D223BE /* icon-facebook@2x.png in Resources */,
				A37290411BFA9C3900D223BE /* instagramIcon@3x.png in Resources */,
				A37290441BFA9C3900D223BE /* logo@3x.png in Resources */,
				A372902E1BFA9C2B00D223BE /* googleicon@2x.png in Resources */,
				A372902F1BFA9C2B00D223BE /* googleicon@3x.png in Resources */,
				A37290351BFA9C2B00D223BE /* icon-eye-gray@3x.png in Resources */,
				A37290361BFA9C2B00D223BE /* icon-facebook.png in Resources */,
				A372902C1BFA9C2B00D223BE /* eyeIcon@3x.png in Resources */,
				A37290341BFA9C2B00D223BE /* icon-eye-gray@2x.png in Resources */,
				A37290381BFA9C2B00D223BE /* icon-facebook@3x.png in Resources */,
				A37290331BFA9C2B00D223BE /* icon-eye-gray.png in Resources */,
				A30DB6D81BE4194400F4F2D5 /* icon-twitter@2x.png in Resources */,
				A372902B1BFA9C2B00D223BE /* eyeIcon@2x.png in Resources */,
				A372903F1BFA9C3900D223BE /* instagramIcon.png in Resources */,
				A30DB6D91BE4194400F4F2D5 /* icon-twitter@3x.png in Resources */,
				A372902D1BFA9C2B00D223BE /* googleicon.png in Resources */,
			);
			runOnlyForDeploymentPostprocessing = 0;
		};
/* End PBXResourcesBuildPhase section */

/* Begin PBXSourcesBuildPhase section */
		329207B61C0E073800A38C62 /* Sources */ = {
			isa = PBXSourcesBuildPhase;
			buildActionMask = 2147483647;
			files = (
				329207CA1C0E0B2000A38C62 /* GoogleProvider.swift in Sources */,
				329207C81C0E0B2000A38C62 /* EmailProvider.swift in Sources */,
				329207BD1C0E073800A38C62 /* RockauthiOSTests.swift in Sources */,
				329207CB1C0E0B2000A38C62 /* InstagramProvider.swift in Sources */,
				329207DD1C0F6AD300A38C62 /* Authentication.swift in Sources */,
				329207C91C0E0B2000A38C62 /* FacebookProvider.swift in Sources */,
				329207C71C0E092E00A38C62 /* RockauthClient.swift in Sources */,
				329207DE1C0F6AD300A38C62 /* RockAuthUser.swift in Sources */,
				329207DC1C0F6AD300A38C62 /* ProviderAuthentication.swift in Sources */,
				329207CE1C0E0B2000A38C62 /* TwitterProvider.swift in Sources */,
				329207CF1C0E0B2A00A38C62 /* RockauthError.swift in Sources */,
				329207CC1C0E0B2000A38C62 /* LoginProviderProtocol.swift in Sources */,
				329207DF1C0F6AD300A38C62 /* RockAuthSession.swift in Sources */,
				329207D01C0E0B2A00A38C62 /* UIColor+Rocketmade.swift in Sources */,
				329207CD1C0E0B2000A38C62 /* SocialProviderProtocol.swift in Sources */,
			);
			runOnlyForDeploymentPostprocessing = 0;
		};
		BC01341C1BD597000063541C /* Sources */ = {
			isa = PBXSourcesBuildPhase;
			buildActionMask = 2147483647;
			files = (
				A37290801BFA9E8D00D223BE /* UIColor+Rocketmade.swift in Sources */,
				A372908A1BFA9E9D00D223BE /* EmailProvider.swift in Sources */,
				A372909B1BFA9EA600D223BE /* FullConnectWithSocialNetworksViewController.swift in Sources */,
				A372909F1BFA9EA600D223BE /* SplashViewController.swift in Sources */,
				A372907F1BFA9E8D00D223BE /* RockauthError.swift in Sources */,
				A372908C1BFA9E9D00D223BE /* GoogleProvider.swift in Sources */,
				329207D51C0F624700A38C62 /* ProviderAuthentication.swift in Sources */,
				A372908E1BFA9E9D00D223BE /* LoginProviderProtocol.swift in Sources */,
				A37290821BFA9E9300D223BE /* RockauthClient.swift in Sources */,
				A37290901BFA9E9D00D223BE /* TwitterProvider.swift in Sources */,
				A372909D1BFA9EA600D223BE /* SignInViewController.swift in Sources */,
				329207D71C0F627700A38C62 /* Authentication.swift in Sources */,
				A372908D1BFA9E9D00D223BE /* InstagramProvider.swift in Sources */,
				329207D91C0F632500A38C62 /* RockAuthUser.swift in Sources */,
				A372909E1BFA9EA600D223BE /* SignUpViewController.swift in Sources */,
				329207DB1C0F634500A38C62 /* RockAuthSession.swift in Sources */,
				A372909C1BFA9EA600D223BE /* RockauthNavigationController.swift in Sources */,
				A37290991BFA9EA600D223BE /* ConnectWithSocialNetworksView.swift in Sources */,
				A372909A1BFA9EA600D223BE /* FlatRoundedButton.swift in Sources */,
				A372908F1BFA9E9D00D223BE /* SocialProviderProtocol.swift in Sources */,
			);
			runOnlyForDeploymentPostprocessing = 0;
		};
/* End PBXSourcesBuildPhase section */

/* Begin PBXTargetDependency section */
		329207C11C0E073800A38C62 /* PBXTargetDependency */ = {
			isa = PBXTargetDependency;
			target = BC0134201BD597000063541C /* RockauthiOS */;
			targetProxy = 329207C01C0E073800A38C62 /* PBXContainerItemProxy */;
		};
/* End PBXTargetDependency section */

/* Begin XCBuildConfiguration section */
		329207C31C0E073800A38C62 /* Debug */ = {
			isa = XCBuildConfiguration;
			buildSettings = {
				DEBUG_INFORMATION_FORMAT = dwarf;
				ENABLE_TESTABILITY = YES;
				INFOPLIST_FILE = RockauthiOSTests/Info.plist;
				IPHONEOS_DEPLOYMENT_TARGET = 9.1;
				LD_RUNPATH_SEARCH_PATHS = "$(inherited) @executable_path/Frameworks @loader_path/Frameworks";
				PRODUCT_BUNDLE_IDENTIFIER = com.rocketmade.RockauthiOSTests;
				PRODUCT_NAME = "$(TARGET_NAME)";
			};
			name = Debug;
		};
		329207C41C0E073800A38C62 /* Release */ = {
			isa = XCBuildConfiguration;
			buildSettings = {
				INFOPLIST_FILE = RockauthiOSTests/Info.plist;
				IPHONEOS_DEPLOYMENT_TARGET = 9.1;
				LD_RUNPATH_SEARCH_PATHS = "$(inherited) @executable_path/Frameworks @loader_path/Frameworks";
				PRODUCT_BUNDLE_IDENTIFIER = com.rocketmade.RockauthiOSTests;
				PRODUCT_NAME = "$(TARGET_NAME)";
			};
			name = Release;
		};
		BC0134351BD597000063541C /* Debug */ = {
			isa = XCBuildConfiguration;
			buildSettings = {
				ALWAYS_SEARCH_USER_PATHS = NO;
				CLANG_CXX_LANGUAGE_STANDARD = "gnu++0x";
				CLANG_CXX_LIBRARY = "libc++";
				CLANG_ENABLE_MODULES = YES;
				CLANG_ENABLE_OBJC_ARC = YES;
				CLANG_WARN_BOOL_CONVERSION = YES;
				CLANG_WARN_CONSTANT_CONVERSION = YES;
				CLANG_WARN_DIRECT_OBJC_ISA_USAGE = YES_ERROR;
				CLANG_WARN_EMPTY_BODY = YES;
				CLANG_WARN_ENUM_CONVERSION = YES;
				CLANG_WARN_INT_CONVERSION = YES;
				CLANG_WARN_OBJC_ROOT_CLASS = YES_ERROR;
				CLANG_WARN_UNREACHABLE_CODE = YES;
				CLANG_WARN__DUPLICATE_METHOD_MATCH = YES;
				"CODE_SIGN_IDENTITY[sdk=iphoneos*]" = "iPhone Developer";
				COPY_PHASE_STRIP = NO;
				CURRENT_PROJECT_VERSION = 1;
				DEBUG_INFORMATION_FORMAT = "dwarf-with-dsym";
				ENABLE_STRICT_OBJC_MSGSEND = YES;
				GCC_C_LANGUAGE_STANDARD = gnu99;
				GCC_DYNAMIC_NO_PIC = NO;
				GCC_NO_COMMON_BLOCKS = YES;
				GCC_OPTIMIZATION_LEVEL = 0;
				GCC_PREPROCESSOR_DEFINITIONS = (
					"DEBUG=1",
					"$(inherited)",
				);
				GCC_SYMBOLS_PRIVATE_EXTERN = NO;
				GCC_WARN_64_TO_32_BIT_CONVERSION = YES;
				GCC_WARN_ABOUT_RETURN_TYPE = YES_ERROR;
				GCC_WARN_UNDECLARED_SELECTOR = YES;
				GCC_WARN_UNINITIALIZED_AUTOS = YES_AGGRESSIVE;
				GCC_WARN_UNUSED_FUNCTION = YES;
				GCC_WARN_UNUSED_VARIABLE = YES;
				IPHONEOS_DEPLOYMENT_TARGET = 8.4;
				MTL_ENABLE_DEBUG_INFO = YES;
				ONLY_ACTIVE_ARCH = YES;
				SDKROOT = iphoneos;
				SWIFT_OPTIMIZATION_LEVEL = "-Onone";
				TARGETED_DEVICE_FAMILY = "1,2";
				VERSIONING_SYSTEM = "apple-generic";
				VERSION_INFO_PREFIX = "";
			};
			name = Debug;
		};
		BC0134361BD597000063541C /* Release */ = {
			isa = XCBuildConfiguration;
			buildSettings = {
				ALWAYS_SEARCH_USER_PATHS = NO;
				CLANG_CXX_LANGUAGE_STANDARD = "gnu++0x";
				CLANG_CXX_LIBRARY = "libc++";
				CLANG_ENABLE_MODULES = YES;
				CLANG_ENABLE_OBJC_ARC = YES;
				CLANG_WARN_BOOL_CONVERSION = YES;
				CLANG_WARN_CONSTANT_CONVERSION = YES;
				CLANG_WARN_DIRECT_OBJC_ISA_USAGE = YES_ERROR;
				CLANG_WARN_EMPTY_BODY = YES;
				CLANG_WARN_ENUM_CONVERSION = YES;
				CLANG_WARN_INT_CONVERSION = YES;
				CLANG_WARN_OBJC_ROOT_CLASS = YES_ERROR;
				CLANG_WARN_UNREACHABLE_CODE = YES;
				CLANG_WARN__DUPLICATE_METHOD_MATCH = YES;
				"CODE_SIGN_IDENTITY[sdk=iphoneos*]" = "iPhone Developer";
				COPY_PHASE_STRIP = NO;
				CURRENT_PROJECT_VERSION = 1;
				DEBUG_INFORMATION_FORMAT = "dwarf-with-dsym";
				ENABLE_NS_ASSERTIONS = NO;
				ENABLE_STRICT_OBJC_MSGSEND = YES;
				GCC_C_LANGUAGE_STANDARD = gnu99;
				GCC_NO_COMMON_BLOCKS = YES;
				GCC_WARN_64_TO_32_BIT_CONVERSION = YES;
				GCC_WARN_ABOUT_RETURN_TYPE = YES_ERROR;
				GCC_WARN_UNDECLARED_SELECTOR = YES;
				GCC_WARN_UNINITIALIZED_AUTOS = YES_AGGRESSIVE;
				GCC_WARN_UNUSED_FUNCTION = YES;
				GCC_WARN_UNUSED_VARIABLE = YES;
				IPHONEOS_DEPLOYMENT_TARGET = 8.4;
				MTL_ENABLE_DEBUG_INFO = NO;
				SDKROOT = iphoneos;
				TARGETED_DEVICE_FAMILY = "1,2";
				VALIDATE_PRODUCT = YES;
				VERSIONING_SYSTEM = "apple-generic";
				VERSION_INFO_PREFIX = "";
			};
			name = Release;
		};
		BC0134381BD597000063541C /* Debug */ = {
			isa = XCBuildConfiguration;
			baseConfigurationReference = 72B0861DA086C4EECFD6B661 /* Pods.debug.xcconfig */;
			buildSettings = {
				CLANG_ALLOW_NON_MODULAR_INCLUDES_IN_FRAMEWORK_MODULES = YES;
				CLANG_ENABLE_MODULES = YES;
				DEFINES_MODULE = YES;
				DYLIB_COMPATIBILITY_VERSION = 1;
				DYLIB_CURRENT_VERSION = 1;
				DYLIB_INSTALL_NAME_BASE = "@rpath";
				INFOPLIST_FILE = RockauthiOS/Info.plist;
				INSTALL_PATH = "$(LOCAL_LIBRARY_DIR)/Frameworks";
				LD_RUNPATH_SEARCH_PATHS = "$(inherited) @executable_path/Frameworks @loader_path/Frameworks";
				PRODUCT_NAME = "$(TARGET_NAME)";
				SKIP_INSTALL = YES;
				SWIFT_OPTIMIZATION_LEVEL = "-Onone";
			};
			name = Debug;
		};
		BC0134391BD597000063541C /* Release */ = {
			isa = XCBuildConfiguration;
			baseConfigurationReference = 8789A069A7F0BABDB409D595 /* Pods.release.xcconfig */;
			buildSettings = {
				CLANG_ALLOW_NON_MODULAR_INCLUDES_IN_FRAMEWORK_MODULES = YES;
				CLANG_ENABLE_MODULES = YES;
				DEFINES_MODULE = YES;
				DYLIB_COMPATIBILITY_VERSION = 1;
				DYLIB_CURRENT_VERSION = 1;
				DYLIB_INSTALL_NAME_BASE = "@rpath";
				INFOPLIST_FILE = RockauthiOS/Info.plist;
				INSTALL_PATH = "$(LOCAL_LIBRARY_DIR)/Frameworks";
				LD_RUNPATH_SEARCH_PATHS = "$(inherited) @executable_path/Frameworks @loader_path/Frameworks";
				PRODUCT_NAME = "$(TARGET_NAME)";
				SKIP_INSTALL = YES;
			};
			name = Release;
		};
/* End XCBuildConfiguration section */

/* Begin XCConfigurationList section */
		329207C21C0E073800A38C62 /* Build configuration list for PBXNativeTarget "RockauthiOSTests" */ = {
			isa = XCConfigurationList;
			buildConfigurations = (
				329207C31C0E073800A38C62 /* Debug */,
				329207C41C0E073800A38C62 /* Release */,
			);
			defaultConfigurationIsVisible = 0;
			defaultConfigurationName = Release;
		};
		BC01341B1BD597000063541C /* Build configuration list for PBXProject "RockauthiOS" */ = {
			isa = XCConfigurationList;
			buildConfigurations = (
				BC0134351BD597000063541C /* Debug */,
				BC0134361BD597000063541C /* Release */,
			);
			defaultConfigurationIsVisible = 0;
			defaultConfigurationName = Release;
		};
		BC0134371BD597000063541C /* Build configuration list for PBXNativeTarget "RockauthiOS" */ = {
			isa = XCConfigurationList;
			buildConfigurations = (
				BC0134381BD597000063541C /* Debug */,
				BC0134391BD597000063541C /* Release */,
			);
			defaultConfigurationIsVisible = 0;
			defaultConfigurationName = Release;
		};
/* End XCConfigurationList section */
	};
	rootObject = BC0134181BD597000063541C /* Project object */;
}
